// !$*UTF8*$!
{
	archiveVersion = 1;
	classes = {
	};
	objectVersion = 56;
	objects = {

/* Begin PBXBuildFile section */
		029ACC992AE4E41B005A4999 /* banner.png in Resources */ = {isa = PBXBuildFile; fileRef = 029ACC982AE4E41B005A4999 /* banner.png */; };
		02ACBD0B2AE62372001A36E0 /* DestinationSearchView.swift in Sources */ = {isa = PBXBuildFile; fileRef = 02ACBD0A2AE62372001A36E0 /* DestinationSearchView.swift */; };
		02ACBD0E2AE66519001A36E0 /* ProfileView.swift in Sources */ = {isa = PBXBuildFile; fileRef = 02ACBD0D2AE66519001A36E0 /* ProfileView.swift */; };
		02ACBD102AE66DCE001A36E0 /* ProfileRow.swift in Sources */ = {isa = PBXBuildFile; fileRef = 02ACBD0F2AE66DCE001A36E0 /* ProfileRow.swift */; };
		02ACBD122AE66FB7001A36E0 /* WishListView.swift in Sources */ = {isa = PBXBuildFile; fileRef = 02ACBD112AE66FB7001A36E0 /* WishListView.swift */; };
		02BEEF072AE2A6E9005C3B43 /* SearchAndFilterBar.swift in Sources */ = {isa = PBXBuildFile; fileRef = 02BEEF062AE2A6E9005C3B43 /* SearchAndFilterBar.swift */; };
		02BEEF092AE37AEB005C3B43 /* ExploreDetailView.swift in Sources */ = {isa = PBXBuildFile; fileRef = 02BEEF082AE37AEB005C3B43 /* ExploreDetailView.swift */; };
		02BEEF0B2AE37C67005C3B43 /* ExploreImageCarouselView.swift in Sources */ = {isa = PBXBuildFile; fileRef = 02BEEF0A2AE37C67005C3B43 /* ExploreImageCarouselView.swift */; };
		02BEEF0D2AE3CA3D005C3B43 /* ExploreRatingView.swift in Sources */ = {isa = PBXBuildFile; fileRef = 02BEEF0C2AE3CA3D005C3B43 /* ExploreRatingView.swift */; };
		02C630AF2AE7B68C006A4383 /* FirebaseAnalytics in Frameworks */ = {isa = PBXBuildFile; productRef = 02C630AE2AE7B68C006A4383 /* FirebaseAnalytics */; };
		02C630B32AE7B68C006A4383 /* FirebaseAnalyticsSwift in Frameworks */ = {isa = PBXBuildFile; productRef = 02C630B22AE7B68C006A4383 /* FirebaseAnalyticsSwift */; };
		02C630BB2AE7B68C006A4383 /* FirebaseAuth in Frameworks */ = {isa = PBXBuildFile; productRef = 02C630BA2AE7B68C006A4383 /* FirebaseAuth */; };
		02C630C72AE7B68C006A4383 /* FirebaseFirestore in Frameworks */ = {isa = PBXBuildFile; productRef = 02C630C62AE7B68C006A4383 /* FirebaseFirestore */; };
		02C630CB2AE7B68C006A4383 /* FirebaseFirestoreSwift in Frameworks */ = {isa = PBXBuildFile; productRef = 02C630CA2AE7B68C006A4383 /* FirebaseFirestoreSwift */; };
		02C630E12AE7B68C006A4383 /* FirebaseStorage in Frameworks */ = {isa = PBXBuildFile; productRef = 02C630E02AE7B68C006A4383 /* FirebaseStorage */; };
		02C630E72AE7B9AD006A4383 /* Listing.swift in Sources */ = {isa = PBXBuildFile; fileRef = 02C630E62AE7B9AD006A4383 /* Listing.swift */; };
		02F65EC52AE22D2300CBF617 /* AirbnbApp.swift in Sources */ = {isa = PBXBuildFile; fileRef = 02F65EC42AE22D2300CBF617 /* AirbnbApp.swift */; };
		02F65EC72AE22D2300CBF617 /* ContentView.swift in Sources */ = {isa = PBXBuildFile; fileRef = 02F65EC62AE22D2300CBF617 /* ContentView.swift */; };
		02F65EC92AE22D2400CBF617 /* Assets.xcassets in Resources */ = {isa = PBXBuildFile; fileRef = 02F65EC82AE22D2400CBF617 /* Assets.xcassets */; };
		02F65ECC2AE22D2400CBF617 /* Preview Assets.xcassets in Resources */ = {isa = PBXBuildFile; fileRef = 02F65ECB2AE22D2400CBF617 /* Preview Assets.xcassets */; };
		02F65ED42AE22E4400CBF617 /* ExploreView.swift in Sources */ = {isa = PBXBuildFile; fileRef = 02F65ED32AE22E4400CBF617 /* ExploreView.swift */; };
		02F65ED62AE22FD100CBF617 /* ExploreRowView.swift in Sources */ = {isa = PBXBuildFile; fileRef = 02F65ED52AE22FD100CBF617 /* ExploreRowView.swift */; };
/* End PBXBuildFile section */

/* Begin PBXFileReference section */
		029ACC962AE4DB10005A4999 /* README.md */ = {isa = PBXFileReference; lastKnownFileType = net.daringfireball.markdown; path = README.md; sourceTree = "<group>"; };
		029ACC982AE4E41B005A4999 /* banner.png */ = {isa = PBXFileReference; lastKnownFileType = image.png; path = banner.png; sourceTree = "<group>"; };
		02ACBD0A2AE62372001A36E0 /* DestinationSearchView.swift */ = {isa = PBXFileReference; lastKnownFileType = sourcecode.swift; path = DestinationSearchView.swift; sourceTree = "<group>"; };
		02ACBD0D2AE66519001A36E0 /* ProfileView.swift */ = {isa = PBXFileReference; lastKnownFileType = sourcecode.swift; path = ProfileView.swift; sourceTree = "<group>"; };
		02ACBD0F2AE66DCE001A36E0 /* ProfileRow.swift */ = {isa = PBXFileReference; lastKnownFileType = sourcecode.swift; path = ProfileRow.swift; sourceTree = "<group>"; };
		02ACBD112AE66FB7001A36E0 /* WishListView.swift */ = {isa = PBXFileReference; lastKnownFileType = sourcecode.swift; path = WishListView.swift; sourceTree = "<group>"; };
		02BEEF062AE2A6E9005C3B43 /* SearchAndFilterBar.swift */ = {isa = PBXFileReference; lastKnownFileType = sourcecode.swift; path = SearchAndFilterBar.swift; sourceTree = "<group>"; };
		02BEEF082AE37AEB005C3B43 /* ExploreDetailView.swift */ = {isa = PBXFileReference; lastKnownFileType = sourcecode.swift; path = ExploreDetailView.swift; sourceTree = "<group>"; };
		02BEEF0A2AE37C67005C3B43 /* ExploreImageCarouselView.swift */ = {isa = PBXFileReference; lastKnownFileType = sourcecode.swift; path = ExploreImageCarouselView.swift; sourceTree = "<group>"; };
		02BEEF0C2AE3CA3D005C3B43 /* ExploreRatingView.swift */ = {isa = PBXFileReference; lastKnownFileType = sourcecode.swift; path = ExploreRatingView.swift; sourceTree = "<group>"; };
		02C630E62AE7B9AD006A4383 /* Listing.swift */ = {isa = PBXFileReference; lastKnownFileType = sourcecode.swift; path = Listing.swift; sourceTree = "<group>"; };
		02F65EC12AE22D2300CBF617 /* Airbnb.app */ = {isa = PBXFileReference; explicitFileType = wrapper.application; includeInIndex = 0; path = Airbnb.app; sourceTree = BUILT_PRODUCTS_DIR; };
		02F65EC42AE22D2300CBF617 /* AirbnbApp.swift */ = {isa = PBXFileReference; lastKnownFileType = sourcecode.swift; path = AirbnbApp.swift; sourceTree = "<group>"; };
		02F65EC62AE22D2300CBF617 /* ContentView.swift */ = {isa = PBXFileReference; lastKnownFileType = sourcecode.swift; path = ContentView.swift; sourceTree = "<group>"; };
		02F65EC82AE22D2400CBF617 /* Assets.xcassets */ = {isa = PBXFileReference; lastKnownFileType = folder.assetcatalog; path = Assets.xcassets; sourceTree = "<group>"; };
		02F65ECB2AE22D2400CBF617 /* Preview Assets.xcassets */ = {isa = PBXFileReference; lastKnownFileType = folder.assetcatalog; path = "Preview Assets.xcassets"; sourceTree = "<group>"; };
		02F65ED32AE22E4400CBF617 /* ExploreView.swift */ = {isa = PBXFileReference; lastKnownFileType = sourcecode.swift; path = ExploreView.swift; sourceTree = "<group>"; };
		02F65ED52AE22FD100CBF617 /* ExploreRowView.swift */ = {isa = PBXFileReference; lastKnownFileType = sourcecode.swift; path = ExploreRowView.swift; sourceTree = "<group>"; };
/* End PBXFileReference section */

/* Begin PBXFrameworksBuildPhase section */
		02F65EBE2AE22D2300CBF617 /* Frameworks */ = {
			isa = PBXFrameworksBuildPhase;
			buildActionMask = 2147483647;
			files = (
				02C630C72AE7B68C006A4383 /* FirebaseFirestore in Frameworks */,
				02C630B32AE7B68C006A4383 /* FirebaseAnalyticsSwift in Frameworks */,
				02C630AF2AE7B68C006A4383 /* FirebaseAnalytics in Frameworks */,
				02C630CB2AE7B68C006A4383 /* FirebaseFirestoreSwift in Frameworks */,
				02C630BB2AE7B68C006A4383 /* FirebaseAuth in Frameworks */,
				02C630E12AE7B68C006A4383 /* FirebaseStorage in Frameworks */,
			);
			runOnlyForDeploymentPostprocessing = 0;
		};
/* End PBXFrameworksBuildPhase section */

/* Begin PBXGroup section */
		029ACC972AE4E40A005A4999 /* img */ = {
			isa = PBXGroup;
			children = (
				029ACC982AE4E41B005A4999 /* banner.png */,
			);
			path = img;
			sourceTree = "<group>";
		};
		02ACBD0C2AE66507001A36E0 /* Explore */ = {
			isa = PBXGroup;
			children = (
				02F65ED32AE22E4400CBF617 /* ExploreView.swift */,
				02F65ED52AE22FD100CBF617 /* ExploreRowView.swift */,
				02BEEF0C2AE3CA3D005C3B43 /* ExploreRatingView.swift */,
				02BEEF082AE37AEB005C3B43 /* ExploreDetailView.swift */,
				02BEEF0A2AE37C67005C3B43 /* ExploreImageCarouselView.swift */,
				02BEEF062AE2A6E9005C3B43 /* SearchAndFilterBar.swift */,
				02ACBD0A2AE62372001A36E0 /* DestinationSearchView.swift */,
			);
			path = Explore;
			sourceTree = "<group>";
		};
		02F65EB82AE22D2300CBF617 = {
			isa = PBXGroup;
			children = (
				029ACC972AE4E40A005A4999 /* img */,
				029ACC962AE4DB10005A4999 /* README.md */,
				02F65EC32AE22D2300CBF617 /* Airbnb */,
				02F65EC22AE22D2300CBF617 /* Products */,
			);
			sourceTree = "<group>";
		};
		02F65EC22AE22D2300CBF617 /* Products */ = {
			isa = PBXGroup;
			children = (
				02F65EC12AE22D2300CBF617 /* Airbnb.app */,
			);
			name = Products;
			sourceTree = "<group>";
		};
		02F65EC32AE22D2300CBF617 /* Airbnb */ = {
			isa = PBXGroup;
			children = (
				02F65ED22AE22DFA00CBF617 /* App */,
				02F65EC62AE22D2300CBF617 /* ContentView.swift */,
				02C630E62AE7B9AD006A4383 /* Listing.swift */,
				02ACBD112AE66FB7001A36E0 /* WishListView.swift */,
				02ACBD0D2AE66519001A36E0 /* ProfileView.swift */,
				02ACBD0F2AE66DCE001A36E0 /* ProfileRow.swift */,
				02ACBD0C2AE66507001A36E0 /* Explore */,
				02F65EC82AE22D2400CBF617 /* Assets.xcassets */,
				02F65ECA2AE22D2400CBF617 /* Preview Content */,
			);
			path = Airbnb;
			sourceTree = "<group>";
		};
		02F65ECA2AE22D2400CBF617 /* Preview Content */ = {
			isa = PBXGroup;
			children = (
				02F65ECB2AE22D2400CBF617 /* Preview Assets.xcassets */,
			);
			path = "Preview Content";
			sourceTree = "<group>";
		};
		02F65ED22AE22DFA00CBF617 /* App */ = {
			isa = PBXGroup;
			children = (
				02F65EC42AE22D2300CBF617 /* AirbnbApp.swift */,
			);
			path = App;
			sourceTree = "<group>";
		};
/* End PBXGroup section */

/* Begin PBXNativeTarget section */
		02F65EC02AE22D2300CBF617 /* Airbnb */ = {
			isa = PBXNativeTarget;
			buildConfigurationList = 02F65ECF2AE22D2400CBF617 /* Build configuration list for PBXNativeTarget "Airbnb" */;
			buildPhases = (
				02F65EBD2AE22D2300CBF617 /* Sources */,
				02F65EBE2AE22D2300CBF617 /* Frameworks */,
				02F65EBF2AE22D2300CBF617 /* Resources */,
			);
			buildRules = (
			);
			dependencies = (
			);
			name = Airbnb;
			packageProductDependencies = (
				02C630AE2AE7B68C006A4383 /* FirebaseAnalytics */,
				02C630B22AE7B68C006A4383 /* FirebaseAnalyticsSwift */,
				02C630BA2AE7B68C006A4383 /* FirebaseAuth */,
				02C630C62AE7B68C006A4383 /* FirebaseFirestore */,
				02C630CA2AE7B68C006A4383 /* FirebaseFirestoreSwift */,
				02C630E02AE7B68C006A4383 /* FirebaseStorage */,
			);
			productName = Airbnb;
			productReference = 02F65EC12AE22D2300CBF617 /* Airbnb.app */;
			productType = "com.apple.product-type.application";
		};
/* End PBXNativeTarget section */

/* Begin PBXProject section */
		02F65EB92AE22D2300CBF617 /* Project object */ = {
			isa = PBXProject;
			attributes = {
				BuildIndependentTargetsInParallel = 1;
				LastSwiftUpdateCheck = 1500;
				LastUpgradeCheck = 1500;
				TargetAttributes = {
					02F65EC02AE22D2300CBF617 = {
						CreatedOnToolsVersion = 15.0;
					};
				};
			};
			buildConfigurationList = 02F65EBC2AE22D2300CBF617 /* Build configuration list for PBXProject "Airbnb" */;
			compatibilityVersion = "Xcode 14.0";
			developmentRegion = en;
			hasScannedForEncodings = 0;
			knownRegions = (
				en,
				Base,
			);
			mainGroup = 02F65EB82AE22D2300CBF617;
			packageReferences = (
				02C630AD2AE7B68C006A4383 /* XCRemoteSwiftPackageReference "firebase-ios-sdk" */,
			);
			productRefGroup = 02F65EC22AE22D2300CBF617 /* Products */;
			projectDirPath = "";
			projectRoot = "";
			targets = (
				02F65EC02AE22D2300CBF617 /* Airbnb */,
			);
		};
/* End PBXProject section */

/* Begin PBXResourcesBuildPhase section */
		02F65EBF2AE22D2300CBF617 /* Resources */ = {
			isa = PBXResourcesBuildPhase;
			buildActionMask = 2147483647;
			files = (
				029ACC992AE4E41B005A4999 /* banner.png in Resources */,
				02F65ECC2AE22D2400CBF617 /* Preview Assets.xcassets in Resources */,
				02F65EC92AE22D2400CBF617 /* Assets.xcassets in Resources */,
			);
			runOnlyForDeploymentPostprocessing = 0;
		};
/* End PBXResourcesBuildPhase section */

/* Begin PBXSourcesBuildPhase section */
		02F65EBD2AE22D2300CBF617 /* Sources */ = {
			isa = PBXSourcesBuildPhase;
			buildActionMask = 2147483647;
			files = (
				02F65EC72AE22D2300CBF617 /* ContentView.swift in Sources */,
				02BEEF0D2AE3CA3D005C3B43 /* ExploreRatingView.swift in Sources */,
				02ACBD0E2AE66519001A36E0 /* ProfileView.swift in Sources */,
				02F65ED62AE22FD100CBF617 /* ExploreRowView.swift in Sources */,
				02F65ED42AE22E4400CBF617 /* ExploreView.swift in Sources */,
				02ACBD102AE66DCE001A36E0 /* ProfileRow.swift in Sources */,
				02BEEF0B2AE37C67005C3B43 /* ExploreImageCarouselView.swift in Sources */,
				02C630E72AE7B9AD006A4383 /* Listing.swift in Sources */,
				02ACBD0B2AE62372001A36E0 /* DestinationSearchView.swift in Sources */,
				02BEEF072AE2A6E9005C3B43 /* SearchAndFilterBar.swift in Sources */,
				02F65EC52AE22D2300CBF617 /* AirbnbApp.swift in Sources */,
				02BEEF092AE37AEB005C3B43 /* ExploreDetailView.swift in Sources */,
				02ACBD122AE66FB7001A36E0 /* WishListView.swift in Sources */,
			);
			runOnlyForDeploymentPostprocessing = 0;
		};
/* End PBXSourcesBuildPhase section */

/* Begin XCBuildConfiguration section */
		02F65ECD2AE22D2400CBF617 /* Debug */ = {
			isa = XCBuildConfiguration;
			buildSettings = {
				ALWAYS_SEARCH_USER_PATHS = NO;
				ASSETCATALOG_COMPILER_GENERATE_SWIFT_ASSET_SYMBOL_EXTENSIONS = YES;
				CLANG_ANALYZER_NONNULL = YES;
				CLANG_ANALYZER_NUMBER_OBJECT_CONVERSION = YES_AGGRESSIVE;
				CLANG_CXX_LANGUAGE_STANDARD = "gnu++20";
				CLANG_ENABLE_MODULES = YES;
				CLANG_ENABLE_OBJC_ARC = YES;
				CLANG_ENABLE_OBJC_WEAK = YES;
				CLANG_WARN_BLOCK_CAPTURE_AUTORELEASING = YES;
				CLANG_WARN_BOOL_CONVERSION = YES;
				CLANG_WARN_COMMA = YES;
				CLANG_WARN_CONSTANT_CONVERSION = YES;
				CLANG_WARN_DEPRECATED_OBJC_IMPLEMENTATIONS = YES;
				CLANG_WARN_DIRECT_OBJC_ISA_USAGE = YES_ERROR;
				CLANG_WARN_DOCUMENTATION_COMMENTS = YES;
				CLANG_WARN_EMPTY_BODY = YES;
				CLANG_WARN_ENUM_CONVERSION = YES;
				CLANG_WARN_INFINITE_RECURSION = YES;
				CLANG_WARN_INT_CONVERSION = YES;
				CLANG_WARN_NON_LITERAL_NULL_CONVERSION = YES;
				CLANG_WARN_OBJC_IMPLICIT_RETAIN_SELF = YES;
				CLANG_WARN_OBJC_LITERAL_CONVERSION = YES;
				CLANG_WARN_OBJC_ROOT_CLASS = YES_ERROR;
				CLANG_WARN_QUOTED_INCLUDE_IN_FRAMEWORK_HEADER = YES;
				CLANG_WARN_RANGE_LOOP_ANALYSIS = YES;
				CLANG_WARN_STRICT_PROTOTYPES = YES;
				CLANG_WARN_SUSPICIOUS_MOVE = YES;
				CLANG_WARN_UNGUARDED_AVAILABILITY = YES_AGGRESSIVE;
				CLANG_WARN_UNREACHABLE_CODE = YES;
				CLANG_WARN__DUPLICATE_METHOD_MATCH = YES;
				COPY_PHASE_STRIP = NO;
				DEBUG_INFORMATION_FORMAT = dwarf;
				ENABLE_STRICT_OBJC_MSGSEND = YES;
				ENABLE_TESTABILITY = YES;
				ENABLE_USER_SCRIPT_SANDBOXING = YES;
				GCC_C_LANGUAGE_STANDARD = gnu17;
				GCC_DYNAMIC_NO_PIC = NO;
				GCC_NO_COMMON_BLOCKS = YES;
				GCC_OPTIMIZATION_LEVEL = 0;
				GCC_PREPROCESSOR_DEFINITIONS = (
					"DEBUG=1",
					"$(inherited)",
				);
				GCC_WARN_64_TO_32_BIT_CONVERSION = YES;
				GCC_WARN_ABOUT_RETURN_TYPE = YES_ERROR;
				GCC_WARN_UNDECLARED_SELECTOR = YES;
				GCC_WARN_UNINITIALIZED_AUTOS = YES_AGGRESSIVE;
				GCC_WARN_UNUSED_FUNCTION = YES;
				GCC_WARN_UNUSED_VARIABLE = YES;
				IPHONEOS_DEPLOYMENT_TARGET = 17.0;
				LOCALIZATION_PREFERS_STRING_CATALOGS = YES;
				MTL_ENABLE_DEBUG_INFO = INCLUDE_SOURCE;
				MTL_FAST_MATH = YES;
				ONLY_ACTIVE_ARCH = YES;
				SDKROOT = iphoneos;
				SWIFT_ACTIVE_COMPILATION_CONDITIONS = "DEBUG $(inherited)";
				SWIFT_OPTIMIZATION_LEVEL = "-Onone";
			};
			name = Debug;
		};
		02F65ECE2AE22D2400CBF617 /* Release */ = {
			isa = XCBuildConfiguration;
			buildSettings = {
				ALWAYS_SEARCH_USER_PATHS = NO;
				ASSETCATALOG_COMPILER_GENERATE_SWIFT_ASSET_SYMBOL_EXTENSIONS = YES;
				CLANG_ANALYZER_NONNULL = YES;
				CLANG_ANALYZER_NUMBER_OBJECT_CONVERSION = YES_AGGRESSIVE;
				CLANG_CXX_LANGUAGE_STANDARD = "gnu++20";
				CLANG_ENABLE_MODULES = YES;
				CLANG_ENABLE_OBJC_ARC = YES;
				CLANG_ENABLE_OBJC_WEAK = YES;
				CLANG_WARN_BLOCK_CAPTURE_AUTORELEASING = YES;
				CLANG_WARN_BOOL_CONVERSION = YES;
				CLANG_WARN_COMMA = YES;
				CLANG_WARN_CONSTANT_CONVERSION = YES;
				CLANG_WARN_DEPRECATED_OBJC_IMPLEMENTATIONS = YES;
				CLANG_WARN_DIRECT_OBJC_ISA_USAGE = YES_ERROR;
				CLANG_WARN_DOCUMENTATION_COMMENTS = YES;
				CLANG_WARN_EMPTY_BODY = YES;
				CLANG_WARN_ENUM_CONVERSION = YES;
				CLANG_WARN_INFINITE_RECURSION = YES;
				CLANG_WARN_INT_CONVERSION = YES;
				CLANG_WARN_NON_LITERAL_NULL_CONVERSION = YES;
				CLANG_WARN_OBJC_IMPLICIT_RETAIN_SELF = YES;
				CLANG_WARN_OBJC_LITERAL_CONVERSION = YES;
				CLANG_WARN_OBJC_ROOT_CLASS = YES_ERROR;
				CLANG_WARN_QUOTED_INCLUDE_IN_FRAMEWORK_HEADER = YES;
				CLANG_WARN_RANGE_LOOP_ANALYSIS = YES;
				CLANG_WARN_STRICT_PROTOTYPES = YES;
				CLANG_WARN_SUSPICIOUS_MOVE = YES;
				CLANG_WARN_UNGUARDED_AVAILABILITY = YES_AGGRESSIVE;
				CLANG_WARN_UNREACHABLE_CODE = YES;
				CLANG_WARN__DUPLICATE_METHOD_MATCH = YES;
				COPY_PHASE_STRIP = NO;
				DEBUG_INFORMATION_FORMAT = "dwarf-with-dsym";
				ENABLE_NS_ASSERTIONS = NO;
				ENABLE_STRICT_OBJC_MSGSEND = YES;
				ENABLE_USER_SCRIPT_SANDBOXING = YES;
				GCC_C_LANGUAGE_STANDARD = gnu17;
				GCC_NO_COMMON_BLOCKS = YES;
				GCC_WARN_64_TO_32_BIT_CONVERSION = YES;
				GCC_WARN_ABOUT_RETURN_TYPE = YES_ERROR;
				GCC_WARN_UNDECLARED_SELECTOR = YES;
				GCC_WARN_UNINITIALIZED_AUTOS = YES_AGGRESSIVE;
				GCC_WARN_UNUSED_FUNCTION = YES;
				GCC_WARN_UNUSED_VARIABLE = YES;
				IPHONEOS_DEPLOYMENT_TARGET = 17.0;
				LOCALIZATION_PREFERS_STRING_CATALOGS = YES;
				MTL_ENABLE_DEBUG_INFO = NO;
				MTL_FAST_MATH = YES;
				SDKROOT = iphoneos;
				SWIFT_COMPILATION_MODE = wholemodule;
				VALIDATE_PRODUCT = YES;
			};
			name = Release;
		};
		02F65ED02AE22D2400CBF617 /* Debug */ = {
			isa = XCBuildConfiguration;
			buildSettings = {
				ASSETCATALOG_COMPILER_APPICON_NAME = AppIcon;
				ASSETCATALOG_COMPILER_GLOBAL_ACCENT_COLOR_NAME = AccentColor;
				CODE_SIGN_STYLE = Automatic;
				CURRENT_PROJECT_VERSION = 1;
				DEVELOPMENT_ASSET_PATHS = "\"Airbnb/Preview Content\"";
				DEVELOPMENT_TEAM = 723HTEFHBA;
				ENABLE_PREVIEWS = YES;
				GENERATE_INFOPLIST_FILE = YES;
				INFOPLIST_KEY_UIApplicationSceneManifest_Generation = YES;
				INFOPLIST_KEY_UIApplicationSupportsIndirectInputEvents = YES;
				INFOPLIST_KEY_UILaunchScreen_Generation = YES;
				INFOPLIST_KEY_UISupportedInterfaceOrientations_iPad = "UIInterfaceOrientationPortrait UIInterfaceOrientationPortraitUpsideDown UIInterfaceOrientationLandscapeLeft UIInterfaceOrientationLandscapeRight";
				INFOPLIST_KEY_UISupportedInterfaceOrientations_iPhone = "UIInterfaceOrientationPortrait UIInterfaceOrientationLandscapeLeft UIInterfaceOrientationLandscapeRight";
				LD_RUNPATH_SEARCH_PATHS = (
					"$(inherited)",
					"@executable_path/Frameworks",
				);
				MARKETING_VERSION = 1.0;
				PRODUCT_BUNDLE_IDENTIFIER = ru.fibeapp.Airbnb;
				PRODUCT_NAME = "$(TARGET_NAME)";
				SWIFT_EMIT_LOC_STRINGS = YES;
				SWIFT_VERSION = 5.0;
				TARGETED_DEVICE_FAMILY = "1,2";
			};
			name = Debug;
		};
		02F65ED12AE22D2400CBF617 /* Release */ = {
			isa = XCBuildConfiguration;
			buildSettings = {
				ASSETCATALOG_COMPILER_APPICON_NAME = AppIcon;
				ASSETCATALOG_COMPILER_GLOBAL_ACCENT_COLOR_NAME = AccentColor;
				CODE_SIGN_STYLE = Automatic;
				CURRENT_PROJECT_VERSION = 1;
				DEVELOPMENT_ASSET_PATHS = "\"Airbnb/Preview Content\"";
				DEVELOPMENT_TEAM = 723HTEFHBA;
				ENABLE_PREVIEWS = YES;
				GENERATE_INFOPLIST_FILE = YES;
				INFOPLIST_KEY_UIApplicationSceneManifest_Generation = YES;
				INFOPLIST_KEY_UIApplicationSupportsIndirectInputEvents = YES;
				INFOPLIST_KEY_UILaunchScreen_Generation = YES;
				INFOPLIST_KEY_UISupportedInterfaceOrientations_iPad = "UIInterfaceOrientationPortrait UIInterfaceOrientationPortraitUpsideDown UIInterfaceOrientationLandscapeLeft UIInterfaceOrientationLandscapeRight";
				INFOPLIST_KEY_UISupportedInterfaceOrientations_iPhone = "UIInterfaceOrientationPortrait UIInterfaceOrientationLandscapeLeft UIInterfaceOrientationLandscapeRight";
				LD_RUNPATH_SEARCH_PATHS = (
					"$(inherited)",
					"@executable_path/Frameworks",
				);
				MARKETING_VERSION = 1.0;
				PRODUCT_BUNDLE_IDENTIFIER = ru.fibeapp.Airbnb;
				PRODUCT_NAME = "$(TARGET_NAME)";
				SWIFT_EMIT_LOC_STRINGS = YES;
				SWIFT_VERSION = 5.0;
				TARGETED_DEVICE_FAMILY = "1,2";
			};
			name = Release;
		};
/* End XCBuildConfiguration section */

/* Begin XCConfigurationList section */
		02F65EBC2AE22D2300CBF617 /* Build configuration list for PBXProject "Airbnb" */ = {
			isa = XCConfigurationList;
			buildConfigurations = (
				02F65ECD2AE22D2400CBF617 /* Debug */,
				02F65ECE2AE22D2400CBF617 /* Release */,
			);
			defaultConfigurationIsVisible = 0;
			defaultConfigurationName = Release;
		};
		02F65ECF2AE22D2400CBF617 /* Build configuration list for PBXNativeTarget "Airbnb" */ = {
			isa = XCConfigurationList;
			buildConfigurations = (
				02F65ED02AE22D2400CBF617 /* Debug */,
				02F65ED12AE22D2400CBF617 /* Release */,
			);
			defaultConfigurationIsVisible = 0;
			defaultConfigurationName = Release;
		};
/* End XCConfigurationList section */

/* Begin XCRemoteSwiftPackageReference section */
		02C630AD2AE7B68C006A4383 /* XCRemoteSwiftPackageReference "firebase-ios-sdk" */ = {
			isa = XCRemoteSwiftPackageReference;
			repositoryURL = "https://github.com/firebase/firebase-ios-sdk";
			requirement = {
				kind = upToNextMinorVersion;
				minimumVersion = 10.16.0;
			};
		};
/* End XCRemoteSwiftPackageReference section */

/* Begin XCSwiftPackageProductDependency section */
		02C630AE2AE7B68C006A4383 /* FirebaseAnalytics */ = {
			isa = XCSwiftPackageProductDependency;
			package = 02C630AD2AE7B68C006A4383 /* XCRemoteSwiftPackageReference "firebase-ios-sdk" */;
			productName = FirebaseAnalytics;
		};
		02C630B22AE7B68C006A4383 /* FirebaseAnalyticsSwift */ = {
			isa = XCSwiftPackageProductDependency;
			package = 02C630AD2AE7B68C006A4383 /* XCRemoteSwiftPackageReference "firebase-ios-sdk" */;
			productName = FirebaseAnalyticsSwift;
		};
		02C630BA2AE7B68C006A4383 /* FirebaseAuth */ = {
			isa = XCSwiftPackageProductDependency;
			package = 02C630AD2AE7B68C006A4383 /* XCRemoteSwiftPackageReference "firebase-ios-sdk" */;
			productName = FirebaseAuth;
		};
		02C630C62AE7B68C006A4383 /* FirebaseFirestore */ = {
			isa = XCSwiftPackageProductDependency;
			package = 02C630AD2AE7B68C006A4383 /* XCRemoteSwiftPackageReference "firebase-ios-sdk" */;
			productName = FirebaseFirestore;
		};
		02C630CA2AE7B68C006A4383 /* FirebaseFirestoreSwift */ = {
			isa = XCSwiftPackageProductDependency;
			package = 02C630AD2AE7B68C006A4383 /* XCRemoteSwiftPackageReference "firebase-ios-sdk" */;
			productName = FirebaseFirestoreSwift;
		};
		02C630E02AE7B68C006A4383 /* FirebaseStorage */ = {
			isa = XCSwiftPackageProductDependency;
			package = 02C630AD2AE7B68C006A4383 /* XCRemoteSwiftPackageReference "firebase-ios-sdk" */;
			productName = FirebaseStorage;
		};
/* End XCSwiftPackageProductDependency section */
	};
	rootObject = 02F65EB92AE22D2300CBF617 /* Project object */;
}
